# Resolved from the exact images used in local validation on 2026-09-14.
# Merge after docker-compose.yml. Contains no credentials or host settings.
services:
  alertmanager:
    image: prom/alertmanager:v0.27.0@sha256:e13b6ed5cb929eeaee733479dce55e10eb3bc2e9c4586c705a4e8da41e5eacf5
  prometheus:
    image: prom/prometheus:v3.14.0@sha256:5ce7540c3c00ef4ab0c9d2c995c6a5b9c421f44b4a115d97a2c7af3b1c21cbb0
  grafana:
    image: grafana/grafana:13.2.1@sha256:f772d434e8fab0049deb2b1b30abd43342bcfca1537614aa8d36080232cf4283
  loki:
    image: grafana/loki:3.7.7@sha256:d70e4659623f3e109af669cae76fe2a5dd5be54e2298fe8aed380d982fbc2500
  tempo:
    image: grafana/tempo:3.0.3@sha256:0296560ac66f8a3600d7fb3014a52c189d4d9c3549ad6ff441bf2409855d68d5
  alloy:
    image: grafana/alloy:v1.19.2@sha256:b8ec653c44235fbe910879145dac3597d66b0aaecf60bcbbe82580767771a839
  cadvisor:
    image: ghcr.io/google/cadvisor:0.60.5@sha256:763aecf1c32c2be8a1a75f9abfc2fc461005c9dbbaa39cb356b354aac1296dbe
